{
  "requires": true,
  "lockfileVersion": 1,
  "dependencies": {
    "@types/datatables.net": {
      "version": "1.10.28",
      "resolved": "https://registry.npmjs.org/@types/datatables.net/-/datatables.net-1.10.28.tgz",
      "integrity": "sha512-Y6SZZCdJt7vXROaTBc/ifwhAqSBg7V0urM+RqZt3Tj9JN1U8KSgQ7EKpFG88g/j4MVrlYDfSH+yqSnK0MaIwMw==",
      "dev": true,
      "requires": {
        "@types/jquery": "*"
      }
    },
    "@types/jquery": {
      "version": "3.5.29",
      "resolved": "https://registry.npmjs.org/@types/jquery/-/jquery-3.5.29.tgz",
      "integrity": "sha512-oXQQC9X9MOPRrMhPHHOsXqeQDnWeCDT3PelUIg/Oy8FAbzSZtFHRjc7IpbfFVmpLtJ+UOoywpRsuO5Jxjybyeg==",
      "requires": {
        "@types/sizzle": "*"
      }
    },
    "@types/sizzle": {
      "version": "2.3.8",
      "resolved": "https://registry.npmjs.org/@types/sizzle/-/sizzle-2.3.8.tgz",
      "integrity": "sha512-0vWLNK2D5MT9dg0iOo8GlKguPAU02QjmZitPEsXRuJXU/OGIOt9vT9Fc26wtYuavLxtO45v9PGleoL9Z0k1LHg=="
    },
    "angular-datatables": {
      "version": "17.0.0",
      "resolved": "https://registry.npmjs.org/angular-datatables/-/angular-datatables-17.0.0.tgz",
      "integrity": "sha512-3izw1llPDAm5ELwBhqjYlmjl8of4QwD6Cp+6/enYrA7dLUTcBeRo6aSqDRAfEgZsw6JwAUiWB+n1GdWFKPYXHg=="
    },
    "datatables.net": {
      "version": "1.13.8",
      "resolved": "https://registry.npmjs.org/datatables.net/-/datatables.net-1.13.8.tgz",
      "integrity": "sha512-2pDamr+GUwPTby2OgriVB9dR9ftFKD2AQyiuCXzZIiG4d9KkKFQ7gqPfNmG7uj9Tc5kDf+rGj86do4LAb/V71g==",
      "requires": {
        "jquery": ">=1.7"
      }
    },
    "datatables.net-dt": {
      "version": "1.13.8",
      "resolved": "https://registry.npmjs.org/datatables.net-dt/-/datatables.net-dt-1.13.8.tgz",
      "integrity": "sha512-/ZPzr1hQ+domerlg/MbcQHqeeqxK9fsZmpRs1YeKxsdfr+UyHQTUiiOO7RqekppSLc7MPqxGnzKkCX9vAgqm0w==",
      "requires": {
        "datatables.net": "1.13.8",
        "jquery": ">=1.7"
      }
    },
    "jquery": {
      "version": "3.7.1",
      "resolved": "https://registry.npmjs.org/jquery/-/jquery-3.7.1.tgz",
      "integrity": "sha512-m4avr8yL8kmFN8psrbFFFmB/If14iN5o9nw/NgnnM+kybDJpRsAynV2BsfpTYrTRysYUdADVD7CkUUizgkpLfg=="
    }
  }
}
